
Microsoft Visual Studio Solution File, Format Version 12.00
# Visual Studio 15
VisualStudioVersion = 15.0.27130.2024
MinimumVisualStudioVersion = 10.0.40219.1
Project("{FAE04EC0-301F-11D3-BF4B-00C04F79EFBC}") = "AddressBook", "AddressBook\AddressBook.csproj", "{BA791115-C2B9-433D-BCA8-33D583E1EDEC}"
	ProjectSection(ProjectDependencies) = postProject
		{389E8B1F-1E2B-4B63-99E6-FA9B965739FB} = {389E8B1F-1E2B-4B63-99E6-FA9B965739FB}
	EndProjectSection
EndProject
Project("{FAE04EC0-301F-11D3-BF4B-00C04F79EFBC}") = "ContactServiceLib", "ContactServiceLib\ContactServiceLib.csproj", "{389E8B1F-1E2B-4B63-99E6-FA9B965739FB}"
EndProject
Project("{FAE04EC0-301F-11D3-BF4B-00C04F79EFBC}") = "ContactWindowsService", "ContactWindowsService\ContactWindowsService.csproj", "{1775A062-7CF2-45A3-A6CE-BCC8E64D2028}"
EndProject
Global
	GlobalSection(SolutionConfigurationPlatforms) = preSolution
		Debug|Any CPU = Debug|Any CPU
		Release|Any CPU = Release|Any CPU
	EndGlobalSection
	GlobalSection(ProjectConfigurationPlatforms) = postSolution
		{BA791115-C2B9-433D-BCA8-33D583E1EDEC}.Debug|Any CPU.ActiveCfg = Debug|Any CPU
		{BA791115-C2B9-433D-BCA8-33D583E1EDEC}.Debug|Any CPU.Build.0 = Debug|Any CPU
		{BA791115-C2B9-433D-BCA8-33D583E1EDEC}.Release|Any CPU.ActiveCfg = Release|Any CPU
		{BA791115-C2B9-433D-BCA8-33D583E1EDEC}.Release|Any CPU.Build.0 = Release|Any CPU
		{389E8B1F-1E2B-4B63-99E6-FA9B965739FB}.Debug|Any CPU.ActiveCfg = Debug|Any CPU
		{389E8B1F-1E2B-4B63-99E6-FA9B965739FB}.Debug|Any CPU.Build.0 = Debug|Any CPU
		{389E8B1F-1E2B-4B63-99E6-FA9B965739FB}.Release|Any CPU.ActiveCfg = Release|Any CPU
		{389E8B1F-1E2B-4B63-99E6-FA9B965739FB}.Release|Any CPU.Build.0 = Release|Any CPU
		{1775A062-7CF2-45A3-A6CE-BCC8E64D2028}.Debug|Any CPU.ActiveCfg = Debug|Any CPU
		{1775A062-7CF2-45A3-A6CE-BCC8E64D2028}.Debug|Any CPU.Build.0 = Debug|Any CPU
		{1775A062-7CF2-45A3-A6CE-BCC8E64D2028}.Release|Any CPU.ActiveCfg = Release|Any CPU
		{1775A062-7CF2-45A3-A6CE-BCC8E64D2028}.Release|Any CPU.Build.0 = Release|Any CPU
	EndGlobalSection
	GlobalSection(SolutionProperties) = preSolution
		HideSolutionNode = FALSE
	EndGlobalSection
	GlobalSection(ExtensibilityGlobals) = postSolution
		SolutionGuid = {36B3A0C1-8116-463D-9323-43BAD533E7CE}
	EndGlobalSection
EndGlobal
